
Microsoft Visual Studio Solution File, Format Version 12.00
# Visual Studio Version 16
VisualStudioVersion = 16.0.29709.97
MinimumVisualStudioVersion = 10.0.40219.1
Project("{FAE04EC0-301F-11D3-BF4B-00C04F79EFBC}") = "Progr Prov", "Progr Prov\Progr Prov.csproj", "{82DD883C-833D-4E0B-ACA8-0CF9B823FA99}"
EndProject
Project("{2150E333-8FDC-42A3-9474-1A3956D46DE8}") = "Solution Items", "Solution Items", "{BD8481D3-B4E0-48DA-9724-B76EC831DAAE}"
EndProject
Global
	GlobalSection(SolutionConfigurationPlatforms) = preSolution
		Debug|Any CPU = Debug|Any CPU
		Release|Any CPU = Release|Any CPU
	EndGlobalSection
	GlobalSection(ProjectConfigurationPlatforms) = postSolution
		{82DD883C-833D-4E0B-ACA8-0CF9B823FA99}.Debug|Any CPU.ActiveCfg = Debug|Any CPU
		{82DD883C-833D-4E0B-ACA8-0CF9B823FA99}.Debug|Any CPU.Build.0 = Debug|Any CPU
		{82DD883C-833D-4E0B-ACA8-0CF9B823FA99}.Release|Any CPU.ActiveCfg = Release|Any CPU
		{82DD883C-833D-4E0B-ACA8-0CF9B823FA99}.Release|Any CPU.Build.0 = Release|Any CPU
	EndGlobalSection
	GlobalSection(SolutionProperties) = preSolution
		HideSolutionNode = FALSE
	EndGlobalSection
	GlobalSection(ExtensibilityGlobals) = postSolution
		SolutionGuid = {D04AF358-B12B-4A5F-9CC5-50F0A6DDB29C}
	EndGlobalSection
EndGlobal
